
Microsoft Visual Studio Solution File, Format Version 12.00
# Visual Studio Version 16
VisualStudioVersion = 16.0.33214.272
MinimumVisualStudioVersion = 10.0.40219.1
Project("{FAE04EC0-301F-11D3-BF4B-00C04F79EFBC}") = "1", "1\1.csproj", "{6CF0E4E7-1D48-47AA-BAC0-DBFA2118E7CD}"
EndProject
Project("{FAE04EC0-301F-11D3-BF4B-00C04F79EFBC}") = "2", "2\2.csproj", "{3DC09FC9-9EB7-4FD9-B1FB-D73AA07F27E6}"
EndProject
Project("{FAE04EC0-301F-11D3-BF4B-00C04F79EFBC}") = "3", "3\3.csproj", "{60BB69F4-68C5-4EF3-B66D-CCA05CC20D49}"
EndProject
Project("{FAE04EC0-301F-11D3-BF4B-00C04F79EFBC}") = "4", "4\4.csproj", "{82966DC0-E6F7-4636-85CB-2DC0D4E65CFB}"
EndProject
Project("{FAE04EC0-301F-11D3-BF4B-00C04F79EFBC}") = "5", "5\5.csproj", "{C1A3CCA9-7D55-4A73-995A-838FD08D7038}"
EndProject
Project("{FAE04EC0-301F-11D3-BF4B-00C04F79EFBC}") = "6", "6\6.csproj", "{E4953FBA-59BD-4D83-8DFC-3C0CE09C5E2C}"
EndProject
Global
	GlobalSection(SolutionConfigurationPlatforms) = preSolution
		Debug|Any CPU = Debug|Any CPU
		Release|Any CPU = Release|Any CPU
	EndGlobalSection
	GlobalSection(ProjectConfigurationPlatforms) = postSolution
		{6CF0E4E7-1D48-47AA-BAC0-DBFA2118E7CD}.Debug|Any CPU.ActiveCfg = Debug|Any CPU
		{6CF0E4E7-1D48-47AA-BAC0-DBFA2118E7CD}.Debug|Any CPU.Build.0 = Debug|Any CPU
		{6CF0E4E7-1D48-47AA-BAC0-DBFA2118E7CD}.Release|Any CPU.ActiveCfg = Release|Any CPU
		{6CF0E4E7-1D48-47AA-BAC0-DBFA2118E7CD}.Release|Any CPU.Build.0 = Release|Any CPU
		{3DC09FC9-9EB7-4FD9-B1FB-D73AA07F27E6}.Debug|Any CPU.ActiveCfg = Debug|Any CPU
		{3DC09FC9-9EB7-4FD9-B1FB-D73AA07F27E6}.Debug|Any CPU.Build.0 = Debug|Any CPU
		{3DC09FC9-9EB7-4FD9-B1FB-D73AA07F27E6}.Release|Any CPU.ActiveCfg = Release|Any CPU
		{3DC09FC9-9EB7-4FD9-B1FB-D73AA07F27E6}.Release|Any CPU.Build.0 = Release|Any CPU
		{60BB69F4-68C5-4EF3-B66D-CCA05CC20D49}.Debug|Any CPU.ActiveCfg = Debug|Any CPU
		{60BB69F4-68C5-4EF3-B66D-CCA05CC20D49}.Debug|Any CPU.Build.0 = Debug|Any CPU
		{60BB69F4-68C5-4EF3-B66D-CCA05CC20D49}.Release|Any CPU.ActiveCfg = Release|Any CPU
		{60BB69F4-68C5-4EF3-B66D-CCA05CC20D49}.Release|Any CPU.Build.0 = Release|Any CPU
		{82966DC0-E6F7-4636-85CB-2DC0D4E65CFB}.Debug|Any CPU.ActiveCfg = Debug|Any CPU
		{82966DC0-E6F7-4636-85CB-2DC0D4E65CFB}.Debug|Any CPU.Build.0 = Debug|Any CPU
		{82966DC0-E6F7-4636-85CB-2DC0D4E65CFB}.Release|Any CPU.ActiveCfg = Release|Any CPU
		{82966DC0-E6F7-4636-85CB-2DC0D4E65CFB}.Release|Any CPU.Build.0 = Release|Any CPU
		{C1A3CCA9-7D55-4A73-995A-838FD08D7038}.Debug|Any CPU.ActiveCfg = Debug|Any CPU
		{C1A3CCA9-7D55-4A73-995A-838FD08D7038}.Debug|Any CPU.Build.0 = Debug|Any CPU
		{C1A3CCA9-7D55-4A73-995A-838FD08D7038}.Release|Any CPU.ActiveCfg = Release|Any CPU
		{C1A3CCA9-7D55-4A73-995A-838FD08D7038}.Release|Any CPU.Build.0 = Release|Any CPU
		{E4953FBA-59BD-4D83-8DFC-3C0CE09C5E2C}.Debug|Any CPU.ActiveCfg = Debug|Any CPU
		{E4953FBA-59BD-4D83-8DFC-3C0CE09C5E2C}.Debug|Any CPU.Build.0 = Debug|Any CPU
		{E4953FBA-59BD-4D83-8DFC-3C0CE09C5E2C}.Release|Any CPU.ActiveCfg = Release|Any CPU
		{E4953FBA-59BD-4D83-8DFC-3C0CE09C5E2C}.Release|Any CPU.Build.0 = Release|Any CPU
	EndGlobalSection
	GlobalSection(SolutionProperties) = preSolution
		HideSolutionNode = FALSE
	EndGlobalSection
	GlobalSection(ExtensibilityGlobals) = postSolution
		SolutionGuid = {4D974AF7-76F3-4DD3-A479-24149FB1AE97}
	EndGlobalSection
EndGlobal
